
Microsoft Visual Studio Solution File, Format Version 12.00
# Visual Studio 15
VisualStudioVersion = 15.0.27703.2018
MinimumVisualStudioVersion = 10.0.40219.1
Project("{FAE04EC0-301F-11D3-BF4B-00C04F79EFBC}") = "APISelfHosted", "SDV701 Project\APISelfHosted.csproj", "{50C8541E-B64C-4984-A1AB-D43993E991D3}"
EndProject
Project("{FAE04EC0-301F-11D3-BF4B-00C04F79EFBC}") = "AdminApp", "AdminApp\AdminApp.csproj", "{8DCAF272-CA8E-47F6-833F-F1B062CD9869}"
EndProject
Global
	GlobalSection(SolutionConfigurationPlatforms) = preSolution
		Debug|Any CPU = Debug|Any CPU
		Release|Any CPU = Release|Any CPU
	EndGlobalSection
	GlobalSection(ProjectConfigurationPlatforms) = postSolution
		{50C8541E-B64C-4984-A1AB-D43993E991D3}.Debug|Any CPU.ActiveCfg = Debug|Any CPU
		{50C8541E-B64C-4984-A1AB-D43993E991D3}.Debug|Any CPU.Build.0 = Debug|Any CPU
		{50C8541E-B64C-4984-A1AB-D43993E991D3}.Release|Any CPU.ActiveCfg = Release|Any CPU
		{50C8541E-B64C-4984-A1AB-D43993E991D3}.Release|Any CPU.Build.0 = Release|Any CPU
		{8DCAF272-CA8E-47F6-833F-F1B062CD9869}.Debug|Any CPU.ActiveCfg = Debug|Any CPU
		{8DCAF272-CA8E-47F6-833F-F1B062CD9869}.Debug|Any CPU.Build.0 = Debug|Any CPU
		{8DCAF272-CA8E-47F6-833F-F1B062CD9869}.Release|Any CPU.ActiveCfg = Release|Any CPU
		{8DCAF272-CA8E-47F6-833F-F1B062CD9869}.Release|Any CPU.Build.0 = Release|Any CPU
	EndGlobalSection
	GlobalSection(SolutionProperties) = preSolution
		HideSolutionNode = FALSE
	EndGlobalSection
	GlobalSection(ExtensibilityGlobals) = postSolution
		SolutionGuid = {B76A81D2-A470-4AEC-B5E8-9EDF1E2B6F2E}
	EndGlobalSection
EndGlobal
